// !$*UTF8*$!
{
	archiveVersion = 1;
	classes = {
	};
	objectVersion = 46;
	objects = {

/* Begin PBXBuildFile section */
		C751B2221BAEFB7E00FF1DAB /* main.cpp in Sources */ = {isa = PBXBuildFile; fileRef = C751B2211BAEFB7E00FF1DAB /* main.cpp */; };
/* End PBXBuildFile section */

/* Begin PBXCopyFilesBuildPhase section */
		C751B21C1BAEFB7E00FF1DAB /* CopyFiles */ = {
			isa = PBXCopyFilesBuildPhase;
			buildActionMask = 2147483647;
			dstPath = /usr/share/man/man1/;
			dstSubfolderSpec = 0;
			files = (
			);
			runOnlyForDeploymentPostprocessing = 1;
		};
/* End PBXCopyFilesBuildPhase section */

/* Begin PBXFileReference section */
		C751B21E1BAEFB7E00FF1DAB /* Absolute Differences in Embedded Polygons */ = {isa = PBXFileReference; explicitFileType = "compiled.mach-o.executable"; includeInIndex = 0; path = "Absolute Differences in Embedded Polygons"; sourceTree = BUILT_PRODUCTS_DIR; };
		C751B2211BAEFB7E00FF1DAB /* main.cpp */ = {isa = PBXFileReference; lastKnownFileType = sourcecode.cpp.cpp; path = main.cpp; sourceTree = "<group>"; };
/* End PBXFileReference section */

/* Begin PBXFrameworksBuildPhase section */
		C751B21B1BAEFB7E00FF1DAB /* Frameworks */ = {
			isa = PBXFrameworksBuildPhase;
			buildActionMask = 2147483647;
			files = (
			);
			runOnlyForDeploymentPostprocessing = 0;
		};
/* End PBXFrameworksBuildPhase section */

/* Begin PBXGroup section */
		C751B2151BAEFB7E00FF1DAB = {
			isa = PBXGroup;
			children = (
				C751B2201BAEFB7E00FF1DAB /* Absolute Differences in Embedded Polygons */,
				C751B21F1BAEFB7E00FF1DAB /* Products */,
			);
			sourceTree = "<group>";
		};
		C751B21F1BAEFB7E00FF1DAB /* Products */ = {
			isa = PBXGroup;
			children = (
				C751B21E1BAEFB7E00FF1DAB /* Absolute Differences in Embedded Polygons */,
			);
			name = Products;
			sourceTree = "<group>";
		};
		C751B2201BAEFB7E00FF1DAB /* Absolute Differences in Embedded Polygons */ = {
			isa = PBXGroup;
			children = (
				C751B2211BAEFB7E00FF1DAB /* main.cpp */,
			);
			path = "Absolute Differences in Embedded Polygons";
			sourceTree = "<group>";
		};
/* End PBXGroup section */

/* Begin PBXNativeTarget section */
		C751B21D1BAEFB7E00FF1DAB /* Absolute Differences in Embedded Polygons */ = {
			isa = PBXNativeTarget;
			buildConfigurationList = C751B2251BAEFB7E00FF1DAB /* Build configuration list for PBXNativeTarget "Absolute Differences in Embedded Polygons" */;
			buildPhases = (
				C751B21A1BAEFB7E00FF1DAB /* Sources */,
				C751B21B1BAEFB7E00FF1DAB /* Frameworks */,
				C751B21C1BAEFB7E00FF1DAB /* CopyFiles */,
			);
			buildRules = (
			);
			dependencies = (
			);
			name = "Absolute Differences in Embedded Polygons";
			productName = "Absolute Differences in Embedded Polygons";
			productReference = C751B21E1BAEFB7E00FF1DAB /* Absolute Differences in Embedded Polygons */;
			productType = "com.apple.product-type.tool";
		};
/* End PBXNativeTarget section */

/* Begin PBXProject section */
		C751B2161BAEFB7E00FF1DAB /* Project object */ = {
			isa = PBXProject;
			attributes = {
				LastUpgradeCheck = 0640;
				ORGANIZATIONNAME = "Meghna Mehta";
				TargetAttributes = {
					C751B21D1BAEFB7E00FF1DAB = {
						CreatedOnToolsVersion = 6.4;
					};
				};
			};
			buildConfigurationList = C751B2191BAEFB7E00FF1DAB /* Build configuration list for PBXProject "Absolute Differences in Embedded Polygons" */;
			compatibilityVersion = "Xcode 3.2";
			developmentRegion = English;
			hasScannedForEncodings = 0;
			knownRegions = (
				en,
			);
			mainGroup = C751B2151BAEFB7E00FF1DAB;
			productRefGroup = C751B21F1BAEFB7E00FF1DAB /* Products */;
			projectDirPath = "";
			projectRoot = "";
			targets = (
				C751B21D1BAEFB7E00FF1DAB /* Absolute Differences in Embedded Polygons */,
			);
		};
/* End PBXProject section */

/* Begin PBXSourcesBuildPhase section */
		C751B21A1BAEFB7E00FF1DAB /* Sources */ = {
			isa = PBXSourcesBuildPhase;
			buildActionMask = 2147483647;
			files = (
				C751B2221BAEFB7E00FF1DAB /* main.cpp in Sources */,
			);
			runOnlyForDeploymentPostprocessing = 0;
		};
/* End PBXSourcesBuildPhase section */

/* Begin XCBuildConfiguration section */
		C751B2231BAEFB7E00FF1DAB /* Debug */ = {
			isa = XCBuildConfiguration;
			buildSettings = {
				ALWAYS_SEARCH_USER_PATHS = NO;
				CLANG_CXX_LANGUAGE_STANDARD = "gnu++0x";
				CLANG_CXX_LIBRARY = "libc++";
				CLANG_ENABLE_MODULES = YES;
				CLANG_ENABLE_OBJC_ARC = YES;
				CLANG_WARN_BOOL_CONVERSION = YES;
				CLANG_WARN_CONSTANT_CONVERSION = YES;
				CLANG_WARN_DIRECT_OBJC_ISA_USAGE = YES_ERROR;
				CLANG_WARN_EMPTY_BODY = YES;
				CLANG_WARN_ENUM_CONVERSION = YES;
				CLANG_WARN_INT_CONVERSION = YES;
				CLANG_WARN_OBJC_ROOT_CLASS = YES_ERROR;
				CLANG_WARN_UNREACHABLE_CODE = YES;
				CLANG_WARN__DUPLICATE_METHOD_MATCH = YES;
				COPY_PHASE_STRIP = NO;
				DEBUG_INFORMATION_FORMAT = dwarf;
				ENABLE_STRICT_OBJC_MSGSEND = YES;
				GCC_C_LANGUAGE_STANDARD = gnu99;
				GCC_DYNAMIC_NO_PIC = NO;
				GCC_NO_COMMON_BLOCKS = YES;
				GCC_OPTIMIZATION_LEVEL = 0;
				GCC_PREPROCESSOR_DEFINITIONS = (
					"DEBUG=1",
					"$(inherited)",
				);
				GCC_SYMBOLS_PRIVATE_EXTERN = NO;
				GCC_WARN_64_TO_32_BIT_CONVERSION = YES;
				GCC_WARN_ABOUT_RETURN_TYPE = YES_ERROR;
				GCC_WARN_UNDECLARED_SELECTOR = YES;
				GCC_WARN_UNINITIALIZED_AUTOS = YES_AGGRESSIVE;
				GCC_WARN_UNUSED_FUNCTION = YES;
				GCC_WARN_UNUSED_VARIABLE = YES;
				MACOSX_DEPLOYMENT_TARGET = 10.10;
				MTL_ENABLE_DEBUG_INFO = YES;
				ONLY_ACTIVE_ARCH = YES;
				SDKROOT = macosx;
			};
			name = Debug;
		};
		C751B2241BAEFB7E00FF1DAB /* Release */ = {
			isa = XCBuildConfiguration;
			buildSettings = {
				ALWAYS_SEARCH_USER_PATHS = NO;
				CLANG_CXX_LANGUAGE_STANDARD = "gnu++0x";
				CLANG_CXX_LIBRARY = "libc++";
				CLANG_ENABLE_MODULES = YES;
				CLANG_ENABLE_OBJC_ARC = YES;
				CLANG_WARN_BOOL_CONVERSION = YES;
				CLANG_WARN_CONSTANT_CONVERSION = YES;
				CLANG_WARN_DIRECT_OBJC_ISA_USAGE = YES_ERROR;
				CLANG_WARN_EMPTY_BODY = YES;
				CLANG_WARN_ENUM_CONVERSION = YES;
				CLANG_WARN_INT_CONVERSION = YES;
				CLANG_WARN_OBJC_ROOT_CLASS = YES_ERROR;
				CLANG_WARN_UNREACHABLE_CODE = YES;
				CLANG_WARN__DUPLICATE_METHOD_MATCH = YES;
				COPY_PHASE_STRIP = NO;
				DEBUG_INFORMATION_FORMAT = "dwarf-with-dsym";
				ENABLE_NS_ASSERTIONS = NO;
				ENABLE_STRICT_OBJC_MSGSEND = YES;
				GCC_C_LANGUAGE_STANDARD = gnu99;
				GCC_NO_COMMON_BLOCKS = YES;
				GCC_WARN_64_TO_32_BIT_CONVERSION = YES;
				GCC_WARN_ABOUT_RETURN_TYPE = YES_ERROR;
				GCC_WARN_UNDECLARED_SELECTOR = YES;
				GCC_WARN_UNINITIALIZED_AUTOS = YES_AGGRESSIVE;
				GCC_WARN_UNUSED_FUNCTION = YES;
				GCC_WARN_UNUSED_VARIABLE = YES;
				MACOSX_DEPLOYMENT_TARGET = 10.10;
				MTL_ENABLE_DEBUG_INFO = NO;
				SDKROOT = macosx;
			};
			name = Release;
		};
		C751B2261BAEFB7E00FF1DAB /* Debug */ = {
			isa = XCBuildConfiguration;
			buildSettings = {
				PRODUCT_NAME = "$(TARGET_NAME)";
			};
			name = Debug;
		};
		C751B2271BAEFB7E00FF1DAB /* Release */ = {
			isa = XCBuildConfiguration;
			buildSettings = {
				PRODUCT_NAME = "$(TARGET_NAME)";
			};
			name = Release;
		};
/* End XCBuildConfiguration section */

/* Begin XCConfigurationList section */
		C751B2191BAEFB7E00FF1DAB /* Build configuration list for PBXProject "Absolute Differences in Embedded Polygons" */ = {
			isa = XCConfigurationList;
			buildConfigurations = (
				C751B2231BAEFB7E00FF1DAB /* Debug */,
				C751B2241BAEFB7E00FF1DAB /* Release */,
			);
			defaultConfigurationIsVisible = 0;
			defaultConfigurationName = Release;
		};
		C751B2251BAEFB7E00FF1DAB /* Build configuration list for PBXNativeTarget "Absolute Differences in Embedded Polygons" */ = {
			isa = XCConfigurationList;
			buildConfigurations = (
				C751B2261BAEFB7E00FF1DAB /* Debug */,
				C751B2271BAEFB7E00FF1DAB /* Release */,
			);
			defaultConfigurationIsVisible = 0;
		};
/* End XCConfigurationList section */
	};
	rootObject = C751B2161BAEFB7E00FF1DAB /* Project object */;
}
